
Microsoft Visual Studio Solution File, Format Version 12.00
# Visual Studio Version 17
VisualStudioVersion = 17.4.33213.308
MinimumVisualStudioVersion = 10.0.40219.1
Project("{9A19103F-16F7-4668-BE54-9A1E7A4F7556}") = "АЗС", "АЗС\АЗС.csproj", "{FC42E85A-D71B-41E7-AE12-FCD02B861A97}"
EndProject
Project("{FAE04EC0-301F-11D3-BF4B-00C04F79EFBC}") = "АЗС.DataAccess", "АЗС.DatatAccess\АЗС.DataAccess.csproj", "{CE06A5E4-593A-4198-8A9A-B1F032E16A16}"
EndProject
Project("{FAE04EC0-301F-11D3-BF4B-00C04F79EFBC}") = "АЗС.UserInterface", "АЗС.UserInterface\АЗС.UserInterface.csproj", "{DABB251A-8824-4B40-90BF-8BF53F4C720B}"
EndProject
Project("{FAE04EC0-301F-11D3-BF4B-00C04F79EFBC}") = "АЗС.BuisnessLogic", "АЗС.BuisnessLogic\АЗС.BuisnessLogic.csproj", "{6DC684D4-CF36-4529-B52A-10B5F22C8945}"
EndProject
Global
	GlobalSection(SolutionConfigurationPlatforms) = preSolution
		Debug|Any CPU = Debug|Any CPU
		Release|Any CPU = Release|Any CPU
	EndGlobalSection
	GlobalSection(ProjectConfigurationPlatforms) = postSolution
		{FC42E85A-D71B-41E7-AE12-FCD02B861A97}.Debug|Any CPU.ActiveCfg = Debug|Any CPU
		{FC42E85A-D71B-41E7-AE12-FCD02B861A97}.Debug|Any CPU.Build.0 = Debug|Any CPU
		{FC42E85A-D71B-41E7-AE12-FCD02B861A97}.Release|Any CPU.ActiveCfg = Release|Any CPU
		{FC42E85A-D71B-41E7-AE12-FCD02B861A97}.Release|Any CPU.Build.0 = Release|Any CPU
		{CE06A5E4-593A-4198-8A9A-B1F032E16A16}.Debug|Any CPU.ActiveCfg = Debug|Any CPU
		{CE06A5E4-593A-4198-8A9A-B1F032E16A16}.Debug|Any CPU.Build.0 = Debug|Any CPU
		{CE06A5E4-593A-4198-8A9A-B1F032E16A16}.Release|Any CPU.ActiveCfg = Release|Any CPU
		{CE06A5E4-593A-4198-8A9A-B1F032E16A16}.Release|Any CPU.Build.0 = Release|Any CPU
		{DABB251A-8824-4B40-90BF-8BF53F4C720B}.Debug|Any CPU.ActiveCfg = Debug|Any CPU
		{DABB251A-8824-4B40-90BF-8BF53F4C720B}.Debug|Any CPU.Build.0 = Debug|Any CPU
		{DABB251A-8824-4B40-90BF-8BF53F4C720B}.Release|Any CPU.ActiveCfg = Release|Any CPU
		{DABB251A-8824-4B40-90BF-8BF53F4C720B}.Release|Any CPU.Build.0 = Release|Any CPU
		{6DC684D4-CF36-4529-B52A-10B5F22C8945}.Debug|Any CPU.ActiveCfg = Debug|Any CPU
		{6DC684D4-CF36-4529-B52A-10B5F22C8945}.Debug|Any CPU.Build.0 = Debug|Any CPU
		{6DC684D4-CF36-4529-B52A-10B5F22C8945}.Release|Any CPU.ActiveCfg = Release|Any CPU
		{6DC684D4-CF36-4529-B52A-10B5F22C8945}.Release|Any CPU.Build.0 = Release|Any CPU
	EndGlobalSection
	GlobalSection(SolutionProperties) = preSolution
		HideSolutionNode = FALSE
	EndGlobalSection
	GlobalSection(ExtensibilityGlobals) = postSolution
		SolutionGuid = {984F1E94-9760-4CAD-99E5-39CD443F1D58}
	EndGlobalSection
EndGlobal
